{
  "version": 1,
  "dependencies": {
    "net7.0": {
      "MailKit": {
        "type": "Direct",
        "requested": "[4.2.0, )",
        "resolved": "4.2.0",
        "contentHash": "NXm66YkEHyLXSyH1Ga/dUS8SB0vYTlGESUluLULa7pG0/eK8c/R9JzMyH0KbKQsgpLGwbji9quAlrcUOL0OjPA==",
        "dependencies": {
          "MimeKit": "4.2.0"
        }
      },
      "Microsoft.VisualStudio.Azure.Containers.Tools.Targets": {
        "type": "Direct",
        "requested": "[1.19.5, )",
        "resolved": "1.19.5",
        "contentHash": "Kaa1rBZdJFq5A0qgAcl6Bmk/UqLXTq9acEqxUlPEBA8oscmakLfkvuSXfG7Wa9t1/keaT85EuuDNgOo+Z9VYOQ=="
      },
      "MQTTnet": {
        "type": "Direct",
        "requested": "[4.3.1.873, )",
        "resolved": "4.3.1.873",
        "contentHash": "5Btmzjv9TWQewlHL6QPB3/deTxAfHf0cR1ixehH/4311oKUpiYrgt1uQZFTbyBWjR7zVKv1U3+s4o3IPm/++Ww=="
      },
      "Newtonsoft.Json": {
        "type": "Direct",
        "requested": "[13.0.3, )",
        "resolved": "13.0.3",
        "contentHash": "HrC5BXdl00IP9zeV+0Z848QWPAoCr9P3bDEZguI+gkLcBKAOxix/tLEAAHC+UvDNPv4a2d18lOReHMOagPa+zQ=="
      },
      "SkiaSharp": {
        "type": "Direct",
        "requested": "[2.88.5, )",
        "resolved": "2.88.5",
        "contentHash": "43t9YEvcZtT+tuMN4hHH8rV8h7ttk1DRv5Tptxamy+bPuE8Up51+ME1Y1TXYAQf75686tHO488a0YKAnmJaSNg==",
        "dependencies": {
          "SkiaSharp.NativeAssets.Win32": "2.88.5",
          "SkiaSharp.NativeAssets.macOS": "2.88.5"
        }
      },
      "SkiaSharp.NativeAssets.Linux": {
        "type": "Direct",
        "requested": "[2.88.5, )",
        "resolved": "2.88.5",
        "contentHash": "VMxHc9M9ENUJA7ZZ5q5HFsYZN7DjWtlokrP0pgGqVKX/SVk858s8LiO1yoa4PGde82JJh2y8tVjFpQ6zCcSa3w==",
        "dependencies": {
          "SkiaSharp": "2.88.5"
        }
      },
      "Swashbuckle.AspNetCore": {
        "type": "Direct",
        "requested": "[6.5.0, )",
        "resolved": "6.5.0",
        "contentHash": "FK05XokgjgwlCI6wCT+D4/abtQkL1X1/B9Oas6uIwHFmYrIO9WUD5aLC9IzMs9GnHfUXOtXZ2S43gN1mhs5+aA==",
        "dependencies": {
          "Microsoft.Extensions.ApiDescription.Server": "6.0.5",
          "Swashbuckle.AspNetCore.Swagger": "6.5.0",
          "Swashbuckle.AspNetCore.SwaggerGen": "6.5.0",
          "Swashbuckle.AspNetCore.SwaggerUI": "6.5.0"
        }
      },
      "System.Drawing.Common": {
        "type": "Direct",
        "requested": "[7.0.0, )",
        "resolved": "7.0.0",
        "contentHash": "KIX+oBU38pxkKPxvLcLfIkOV5Ien8ReN78wro7OF5/erwcmortzeFx+iBswlh2Vz6gVne0khocQudGwaO1Ey6A==",
        "dependencies": {
          "Microsoft.Win32.SystemEvents": "7.0.0"
        }
      },
      "Telegram.Bot": {
        "type": "Direct",
        "requested": "[19.0.0, )",
        "resolved": "19.0.0",
        "contentHash": "Q16IOitgjGoaJOuqgKQy0FeF+hr/ncmlX2esrhCC7aiyhSX7roYEriWaGAHkQZR8QzbImjFfl4eQh2IxcnOrPg==",
        "dependencies": {
          "Newtonsoft.Json": "13.0.1"
        }
      },
      "BouncyCastle.Cryptography": {
        "type": "Transitive",
        "resolved": "2.2.1",
        "contentHash": "A6Zr52zVqJKt18ZBsTnX0qhG0kwIQftVAjLmszmkiR/trSp8H+xj1gUOzk7XHwaKgyREMSV1v9XaKrBUeIOdvQ=="
      },
      "Microsoft.Extensions.ApiDescription.Server": {
        "type": "Transitive",
        "resolved": "6.0.5",
        "contentHash": "Ckb5EDBUNJdFWyajfXzUIMRkhf52fHZOQuuZg/oiu8y7zDCVwD0iHhew6MnThjHmevanpxL3f5ci2TtHQEN6bw=="
      },
      "Microsoft.OpenApi": {
        "type": "Transitive",
        "resolved": "1.2.3",
        "contentHash": "Nug3rO+7Kl5/SBAadzSMAVgqDlfGjJZ0GenQrLywJ84XGKO0uRqkunz5Wyl0SDwcR71bAATXvSdbdzPrYRYKGw=="
      },
      "Microsoft.Win32.SystemEvents": {
        "type": "Transitive",
        "resolved": "7.0.0",
        "contentHash": "2nXPrhdAyAzir0gLl8Yy8S5Mnm/uBSQQA7jEsILOS1MTyS7DbmV1NgViMtvV1sfCD1ebITpNwb1NIinKeJgUVQ=="
      },
      "MimeKit": {
        "type": "Transitive",
        "resolved": "4.2.0",
        "contentHash": "HlfWiJ6t40r8u/rCK2p/8dm1ILiWw4XHucm2HImDYIFS3uZe7IKZyaCDafEoZR7VG7AW1JQxNPQCAxmAnJfRvA==",
        "dependencies": {
          "BouncyCastle.Cryptography": "2.2.1",
          "System.Runtime.CompilerServices.Unsafe": "6.0.0",
          "System.Security.Cryptography.Pkcs": "7.0.2",
          "System.Text.Encoding.CodePages": "7.0.0"
        }
      },
      "SkiaSharp.NativeAssets.macOS": {
        "type": "Transitive",
        "resolved": "2.88.5",
        "contentHash": "snAA6ghUHBeXSOEa/lbjYMUPDKdNh4YRjU+dBoU85EMDEPlAwtkM9gESTM8FKY67ozqX8tqLzad1RRDNistGsg=="
      },
      "SkiaSharp.NativeAssets.Win32": {
        "type": "Transitive",
        "resolved": "2.88.5",
        "contentHash": "U0GuMsdtdbHjVmuyTPRbb+ifaTPYBIV8WvPFx81ZHwzfL2TVe8SQjum8AMXSZDDlf90rhxOC5slzaL33uoHUhA=="
      },
      "Swashbuckle.AspNetCore.Swagger": {
        "type": "Transitive",
        "resolved": "6.5.0",
        "contentHash": "XWmCmqyFmoItXKFsQSwQbEAsjDKcxlNf1l+/Ki42hcb6LjKL8m5Db69OTvz5vLonMSRntYO1XLqz0OP+n3vKnA==",
        "dependencies": {
          "Microsoft.OpenApi": "1.2.3"
        }
      },
      "Swashbuckle.AspNetCore.SwaggerGen": {
        "type": "Transitive",
        "resolved": "6.5.0",
        "contentHash": "Y/qW8Qdg9OEs7V013tt+94OdPxbRdbhcEbw4NiwGvf4YBcfhL/y7qp/Mjv/cENsQ2L3NqJ2AOu94weBy/h4KvA==",
        "dependencies": {
          "Swashbuckle.AspNetCore.Swagger": "6.5.0"
        }
      },
      "Swashbuckle.AspNetCore.SwaggerUI": {
        "type": "Transitive",
        "resolved": "6.5.0",
        "contentHash": "OvbvxX+wL8skxTBttcBsVxdh73Fag4xwqEU2edh4JMn7Ws/xJHnY/JB1e9RoCb6XpDxUF3hD9A0Z1lEUx40Pfw=="
      },
      "System.Formats.Asn1": {
        "type": "Transitive",
        "resolved": "7.0.0",
        "contentHash": "+nfpV0afLmvJW8+pLlHxRjz3oZJw4fkyU9MMEaMhCsHi/SN9bGF9q79ROubDiwTiCHezmK0uCWkPP7tGFP/4yg=="
      },
      "System.Runtime.CompilerServices.Unsafe": {
        "type": "Transitive",
        "resolved": "6.0.0",
        "contentHash": "/iUeP3tq1S0XdNNoMz5C9twLSrM/TH+qElHkXWaPvuNOt+99G75NrV0OS2EqHx5wMN7popYjpc8oTjC1y16DLg=="
      },
      "System.Security.Cryptography.Pkcs": {
        "type": "Transitive",
        "resolved": "7.0.2",
        "contentHash": "xhFNJOcQSWhpiVGLLBQYoxAltQSQVycMkwaX1z7I7oEdT9Wr0HzSM1yeAbfoHaERIYd5s6EpLSOLs2qMchSKlA==",
        "dependencies": {
          "System.Formats.Asn1": "7.0.0"
        }
      },
      "System.Text.Encoding.CodePages": {
        "type": "Transitive",
        "resolved": "7.0.0",
        "contentHash": "LSyCblMpvOe0N3E+8e0skHcrIhgV2huaNcjUUEa8hRtgEAm36aGkRoC8Jxlb6Ra6GSfF29ftduPNywin8XolzQ=="
      }
    }
  }
}