{
  "version": 1,
  "dependencies": {
    "net7.0": {
      "MailKit": {
        "type": "Direct",
        "requested": "[3.4.3, )",
        "resolved": "3.4.3",
        "contentHash": "Iewef8mcE1B1LrVudxQjQ0LcriPPeTbxmWMoHQzFS+P6TpEY2eVDbdKdB0Qnbmqr/5w7WfK2mNWuoSX9pI470g==",
        "dependencies": {
          "MimeKit": "3.4.3"
        }
      },
      "Microsoft.VisualStudio.Azure.Containers.Tools.Targets": {
        "type": "Direct",
        "requested": "[1.17.0, )",
        "resolved": "1.17.0",
        "contentHash": "gfDtAL1WhkjbRdbZlt/ZeQYCbgRpNCZCGj+yeqHObsNFRDHjq8qZJOX9AyTxJpSRYMi9SJk7JDyAbbVYRgEhAA=="
      },
      "MQTTnet": {
        "type": "Direct",
        "requested": "[4.1.4.563, )",
        "resolved": "4.1.4.563",
        "contentHash": "gO9segUcKyQJcjV7w7OOdoAIkec7cUN65vEhYutbdWcj4rbtz/oL/RDvQVVbameXc6ChkjKx7/HbO+R8ejAUZQ=="
      },
      "Newtonsoft.Json": {
        "type": "Direct",
        "requested": "[13.0.2, )",
        "resolved": "13.0.2",
        "contentHash": "R2pZ3B0UjeyHShm9vG+Tu0EBb2lC8b0dFzV9gVn50ofHXh9Smjk6kTn7A/FdAsC8B5cKib1OnGYOXxRBz5XQDg=="
      },
      "SkiaSharp": {
        "type": "Direct",
        "requested": "[2.88.3, )",
        "resolved": "2.88.3",
        "contentHash": "GG8X3EdfwyBfwjl639UIiOVOKEdeoqDgYrz0P1MUCnefXt9cofN+AK8YB/v1+5cLMr03ieWCQdDmPqnFIzSxZw==",
        "dependencies": {
          "SkiaSharp.NativeAssets.Win32": "2.88.3",
          "SkiaSharp.NativeAssets.macOS": "2.88.3"
        }
      },
      "SkiaSharp.NativeAssets.Linux": {
        "type": "Direct",
        "requested": "[2.88.3, )",
        "resolved": "2.88.3",
        "contentHash": "wz29evZVWRqN7WHfenFwQIgqtr8f5vHCutcl1XuhWrHTRZeaIBk7ngjhyHpjUMcQxtIEAdq34ZRvMQshsBYjqg==",
        "dependencies": {
          "SkiaSharp": "2.88.3"
        }
      },
      "Swashbuckle.AspNetCore": {
        "type": "Direct",
        "requested": "[6.4.0, )",
        "resolved": "6.4.0",
        "contentHash": "eUBr4TW0up6oKDA5Xwkul289uqSMgY0xGN4pnbOIBqCcN9VKGGaPvHX3vWaG/hvocfGDP+MGzMA0bBBKz2fkmQ==",
        "dependencies": {
          "Microsoft.Extensions.ApiDescription.Server": "6.0.5",
          "Swashbuckle.AspNetCore.Swagger": "6.4.0",
          "Swashbuckle.AspNetCore.SwaggerGen": "6.4.0",
          "Swashbuckle.AspNetCore.SwaggerUI": "6.4.0"
        }
      },
      "System.Drawing.Common": {
        "type": "Direct",
        "requested": "[7.0.0, )",
        "resolved": "7.0.0",
        "contentHash": "KIX+oBU38pxkKPxvLcLfIkOV5Ien8ReN78wro7OF5/erwcmortzeFx+iBswlh2Vz6gVne0khocQudGwaO1Ey6A==",
        "dependencies": {
          "Microsoft.Win32.SystemEvents": "7.0.0"
        }
      },
      "Telegram.Bot": {
        "type": "Direct",
        "requested": "[18.0.0, )",
        "resolved": "18.0.0",
        "contentHash": "BD0UchUXINymCGS+1O1tv2enCRyv+VbSJQAgfnueTZs3j7K4XXyJyW0CgyJleTrqB1oq1hS1ux6gBpi3Ajp+ZQ==",
        "dependencies": {
          "Newtonsoft.Json": "12.0.2"
        }
      },
      "Microsoft.Extensions.ApiDescription.Server": {
        "type": "Transitive",
        "resolved": "6.0.5",
        "contentHash": "Ckb5EDBUNJdFWyajfXzUIMRkhf52fHZOQuuZg/oiu8y7zDCVwD0iHhew6MnThjHmevanpxL3f5ci2TtHQEN6bw=="
      },
      "Microsoft.OpenApi": {
        "type": "Transitive",
        "resolved": "1.2.3",
        "contentHash": "Nug3rO+7Kl5/SBAadzSMAVgqDlfGjJZ0GenQrLywJ84XGKO0uRqkunz5Wyl0SDwcR71bAATXvSdbdzPrYRYKGw=="
      },
      "Microsoft.Win32.SystemEvents": {
        "type": "Transitive",
        "resolved": "7.0.0",
        "contentHash": "2nXPrhdAyAzir0gLl8Yy8S5Mnm/uBSQQA7jEsILOS1MTyS7DbmV1NgViMtvV1sfCD1ebITpNwb1NIinKeJgUVQ=="
      },
      "MimeKit": {
        "type": "Transitive",
        "resolved": "3.4.3",
        "contentHash": "7TSAcziEwk0bGWODpFTQASghXfYNBBa5VdM8KO4s5SBp5LYgIVXcQsdLBpPQ2XhZW74wfaX8RBUMs1GTMlLJcA==",
        "dependencies": {
          "Portable.BouncyCastle": "1.9.0",
          "System.Runtime.CompilerServices.Unsafe": "6.0.0",
          "System.Security.Cryptography.Pkcs": "6.0.0",
          "System.Text.Encoding.CodePages": "6.0.0"
        }
      },
      "Portable.BouncyCastle": {
        "type": "Transitive",
        "resolved": "1.9.0",
        "contentHash": "eZZBCABzVOek+id9Xy04HhmgykF0wZg9wpByzrWN7q8qEI0Qen9b7tfd7w8VA3dOeesumMG7C5ZPy0jk7PSRHw=="
      },
      "SkiaSharp.NativeAssets.macOS": {
        "type": "Transitive",
        "resolved": "2.88.3",
        "contentHash": "CEbWAXMGFkPV3S1snBKK7jEG3+xud/9kmSAhu0BEUKKtlMdxx+Qal0U9bntQREM9QpqP5xLWZooodi8IlV8MEg=="
      },
      "SkiaSharp.NativeAssets.Win32": {
        "type": "Transitive",
        "resolved": "2.88.3",
        "contentHash": "MU4ASL8VAbTv5vSw1PoiWjjjpjtGhWtFYuJnrN4sNHFCePb2ohQij9JhSdqLLxk7RpRtWPdV93fbA53Pt+J0yw=="
      },
      "Swashbuckle.AspNetCore.Swagger": {
        "type": "Transitive",
        "resolved": "6.4.0",
        "contentHash": "nl4SBgGM+cmthUcpwO/w1lUjevdDHAqRvfUoe4Xp/Uvuzt9mzGUwyFCqa3ODBAcZYBiFoKvrYwz0rabslJvSmQ==",
        "dependencies": {
          "Microsoft.OpenApi": "1.2.3"
        }
      },
      "Swashbuckle.AspNetCore.SwaggerGen": {
        "type": "Transitive",
        "resolved": "6.4.0",
        "contentHash": "lXhcUBVqKrPFAQF7e/ZeDfb5PMgE8n5t6L5B6/BQSpiwxgHzmBcx8Msu42zLYFTvR5PIqE9Q9lZvSQAcwCxJjw==",
        "dependencies": {
          "Swashbuckle.AspNetCore.Swagger": "6.4.0"
        }
      },
      "Swashbuckle.AspNetCore.SwaggerUI": {
        "type": "Transitive",
        "resolved": "6.4.0",
        "contentHash": "1Hh3atb3pi8c+v7n4/3N80Jj8RvLOXgWxzix6w3OZhB7zBGRwsy7FWr4e3hwgPweSBpwfElqj4V4nkjYabH9nQ=="
      },
      "System.Formats.Asn1": {
        "type": "Transitive",
        "resolved": "6.0.0",
        "contentHash": "T6fD00dQ3NTbPDy31m4eQUwKW84s03z0N2C8HpOklyeaDgaJPa/TexP4/SkORMSOwc7WhKifnA6Ya33AkzmafA=="
      },
      "System.Runtime.CompilerServices.Unsafe": {
        "type": "Transitive",
        "resolved": "6.0.0",
        "contentHash": "/iUeP3tq1S0XdNNoMz5C9twLSrM/TH+qElHkXWaPvuNOt+99G75NrV0OS2EqHx5wMN7popYjpc8oTjC1y16DLg=="
      },
      "System.Security.Cryptography.Pkcs": {
        "type": "Transitive",
        "resolved": "6.0.0",
        "contentHash": "elM3x+xSRhzQysiqo85SbidJJ2YbZlnvmh+53TuSZHsD7dNuuEWser+9EFtY+rYupBwkq2avc6ZCO3/6qACgmg==",
        "dependencies": {
          "System.Formats.Asn1": "6.0.0"
        }
      },
      "System.Text.Encoding.CodePages": {
        "type": "Transitive",
        "resolved": "6.0.0",
        "contentHash": "ZFCILZuOvtKPauZ/j/swhvw68ZRi9ATCfvGbk1QfydmcXBkIWecWKn/250UH7rahZ5OoDBaiAudJtPvLwzw85A==",
        "dependencies": {
          "System.Runtime.CompilerServices.Unsafe": "6.0.0"
        }
      }
    }
  }
}