
Microsoft Visual Studio Solution File, Format Version 12.00
# Visual Studio Version 17
VisualStudioVersion = 17.0.32014.148
MinimumVisualStudioVersion = 15.0.26124.0
Project("{9A19103F-16F7-4668-BE54-9A1E7A4F7556}") = "SynoAI", "SynoAI\SynoAI.csproj", "{D55517BF-4185-4B3D-956F-9CCE6425D88B}"
EndProject
Project("{FAE04EC0-301F-11D3-BF4B-00C04F79EFBC}") = "SynoAI.Tests", "SynoAI.Tests\SynoAI.Tests.csproj", "{6F168456-88C9-4B70-813B-AB93C13CD702}"
EndProject
Global
	GlobalSection(SolutionConfigurationPlatforms) = preSolution
		Debug|Any CPU = Debug|Any CPU
		Debug|x64 = Debug|x64
		Debug|x86 = Debug|x86
		Release|Any CPU = Release|Any CPU
		Release|x64 = Release|x64
		Release|x86 = Release|x86
	EndGlobalSection
	GlobalSection(ProjectConfigurationPlatforms) = postSolution
		{D55517BF-4185-4B3D-956F-9CCE6425D88B}.Debug|Any CPU.ActiveCfg = Debug|Any CPU
		{D55517BF-4185-4B3D-956F-9CCE6425D88B}.Debug|Any CPU.Build.0 = Debug|Any CPU
		{D55517BF-4185-4B3D-956F-9CCE6425D88B}.Debug|x64.ActiveCfg = Debug|Any CPU
		{D55517BF-4185-4B3D-956F-9CCE6425D88B}.Debug|x64.Build.0 = Debug|Any CPU
		{D55517BF-4185-4B3D-956F-9CCE6425D88B}.Debug|x86.ActiveCfg = Debug|Any CPU
		{D55517BF-4185-4B3D-956F-9CCE6425D88B}.Debug|x86.Build.0 = Debug|Any CPU
		{D55517BF-4185-4B3D-956F-9CCE6425D88B}.Release|Any CPU.ActiveCfg = Release|Any CPU
		{D55517BF-4185-4B3D-956F-9CCE6425D88B}.Release|Any CPU.Build.0 = Release|Any CPU
		{D55517BF-4185-4B3D-956F-9CCE6425D88B}.Release|x64.ActiveCfg = Release|Any CPU
		{D55517BF-4185-4B3D-956F-9CCE6425D88B}.Release|x64.Build.0 = Release|Any CPU
		{D55517BF-4185-4B3D-956F-9CCE6425D88B}.Release|x86.ActiveCfg = Release|Any CPU
		{D55517BF-4185-4B3D-956F-9CCE6425D88B}.Release|x86.Build.0 = Release|Any CPU
		{6F168456-88C9-4B70-813B-AB93C13CD702}.Debug|Any CPU.ActiveCfg = Debug|Any CPU
		{6F168456-88C9-4B70-813B-AB93C13CD702}.Debug|Any CPU.Build.0 = Debug|Any CPU
		{6F168456-88C9-4B70-813B-AB93C13CD702}.Debug|x64.ActiveCfg = Debug|Any CPU
		{6F168456-88C9-4B70-813B-AB93C13CD702}.Debug|x64.Build.0 = Debug|Any CPU
		{6F168456-88C9-4B70-813B-AB93C13CD702}.Debug|x86.ActiveCfg = Debug|Any CPU
		{6F168456-88C9-4B70-813B-AB93C13CD702}.Debug|x86.Build.0 = Debug|Any CPU
		{6F168456-88C9-4B70-813B-AB93C13CD702}.Release|Any CPU.ActiveCfg = Release|Any CPU
		{6F168456-88C9-4B70-813B-AB93C13CD702}.Release|Any CPU.Build.0 = Release|Any CPU
		{6F168456-88C9-4B70-813B-AB93C13CD702}.Release|x64.ActiveCfg = Release|Any CPU
		{6F168456-88C9-4B70-813B-AB93C13CD702}.Release|x64.Build.0 = Release|Any CPU
		{6F168456-88C9-4B70-813B-AB93C13CD702}.Release|x86.ActiveCfg = Release|Any CPU
		{6F168456-88C9-4B70-813B-AB93C13CD702}.Release|x86.Build.0 = Release|Any CPU
	EndGlobalSection
	GlobalSection(SolutionProperties) = preSolution
		HideSolutionNode = FALSE
	EndGlobalSection
	GlobalSection(ExtensibilityGlobals) = postSolution
		SolutionGuid = {B2C914D5-92C3-4299-9B25-318E116B0F72}
	EndGlobalSection
EndGlobal
