
Microsoft Visual Studio Solution File, Format Version 12.00
# Visual Studio Version 17
VisualStudioVersion = 17.5.002.0
MinimumVisualStudioVersion = 10.0.40219.1
Project("{9A19103F-16F7-4668-BE54-9A1E7A4F7556}") = "SynoAI.API", "SynoAI.API\SynoAI.API.csproj", "{48B1957E-85DD-4FFC-BEC5-F2A44EEF50B6}"
EndProject
Project("{9A19103F-16F7-4668-BE54-9A1E7A4F7556}") = "SynoAI.Core", "SynoAI.Core\SynoAI.Core.csproj", "{EA94BC81-FBE4-4210-9DD2-B3924A049922}"
EndProject
Project("{9A19103F-16F7-4668-BE54-9A1E7A4F7556}") = "SynoAI.Core.Notifiers", "SynoAI.Core.Notifiers\SynoAI.Core.Notifiers.csproj", "{5FF6B567-8DBA-4E0C-9470-0CD7BB29C63F}"
EndProject
Project("{9A19103F-16F7-4668-BE54-9A1E7A4F7556}") = "SynoAI.Core.Processors", "SynoAI.Core.Processors\SynoAI.Core.Processors.csproj", "{A14E4C3A-AF3B-44C0-8076-FC4B20BD2E31}"
EndProject
Project("{9A19103F-16F7-4668-BE54-9A1E7A4F7556}") = "SynologySurveillance.Net", "SynologySurveillance.Net\SynologySurveillance.Net.csproj", "{5FFBCF60-E267-4200-87B5-1FE175288A79}"
EndProject
Project("{FAE04EC0-301F-11D3-BF4B-00C04F79EFBC}") = "SynoAI.Tests", "SynoAI.Tests\SynoAI.Tests.csproj", "{F4CA53E9-91C7-4A32-A647-F0FA2475C69F}"
EndProject
Global
	GlobalSection(SolutionConfigurationPlatforms) = preSolution
		Debug|Any CPU = Debug|Any CPU
		Release|Any CPU = Release|Any CPU
	EndGlobalSection
	GlobalSection(ProjectConfigurationPlatforms) = postSolution
		{48B1957E-85DD-4FFC-BEC5-F2A44EEF50B6}.Debug|Any CPU.ActiveCfg = Debug|Any CPU
		{48B1957E-85DD-4FFC-BEC5-F2A44EEF50B6}.Debug|Any CPU.Build.0 = Debug|Any CPU
		{48B1957E-85DD-4FFC-BEC5-F2A44EEF50B6}.Release|Any CPU.ActiveCfg = Release|Any CPU
		{48B1957E-85DD-4FFC-BEC5-F2A44EEF50B6}.Release|Any CPU.Build.0 = Release|Any CPU
		{EA94BC81-FBE4-4210-9DD2-B3924A049922}.Debug|Any CPU.ActiveCfg = Debug|Any CPU
		{EA94BC81-FBE4-4210-9DD2-B3924A049922}.Debug|Any CPU.Build.0 = Debug|Any CPU
		{EA94BC81-FBE4-4210-9DD2-B3924A049922}.Release|Any CPU.ActiveCfg = Release|Any CPU
		{EA94BC81-FBE4-4210-9DD2-B3924A049922}.Release|Any CPU.Build.0 = Release|Any CPU
		{5FF6B567-8DBA-4E0C-9470-0CD7BB29C63F}.Debug|Any CPU.ActiveCfg = Debug|Any CPU
		{5FF6B567-8DBA-4E0C-9470-0CD7BB29C63F}.Debug|Any CPU.Build.0 = Debug|Any CPU
		{5FF6B567-8DBA-4E0C-9470-0CD7BB29C63F}.Release|Any CPU.ActiveCfg = Release|Any CPU
		{5FF6B567-8DBA-4E0C-9470-0CD7BB29C63F}.Release|Any CPU.Build.0 = Release|Any CPU
		{A14E4C3A-AF3B-44C0-8076-FC4B20BD2E31}.Debug|Any CPU.ActiveCfg = Debug|Any CPU
		{A14E4C3A-AF3B-44C0-8076-FC4B20BD2E31}.Debug|Any CPU.Build.0 = Debug|Any CPU
		{A14E4C3A-AF3B-44C0-8076-FC4B20BD2E31}.Release|Any CPU.ActiveCfg = Release|Any CPU
		{A14E4C3A-AF3B-44C0-8076-FC4B20BD2E31}.Release|Any CPU.Build.0 = Release|Any CPU
		{5FFBCF60-E267-4200-87B5-1FE175288A79}.Debug|Any CPU.ActiveCfg = Debug|Any CPU
		{5FFBCF60-E267-4200-87B5-1FE175288A79}.Debug|Any CPU.Build.0 = Debug|Any CPU
		{5FFBCF60-E267-4200-87B5-1FE175288A79}.Release|Any CPU.ActiveCfg = Release|Any CPU
		{5FFBCF60-E267-4200-87B5-1FE175288A79}.Release|Any CPU.Build.0 = Release|Any CPU
		{F4CA53E9-91C7-4A32-A647-F0FA2475C69F}.Debug|Any CPU.ActiveCfg = Debug|Any CPU
		{F4CA53E9-91C7-4A32-A647-F0FA2475C69F}.Debug|Any CPU.Build.0 = Debug|Any CPU
		{F4CA53E9-91C7-4A32-A647-F0FA2475C69F}.Release|Any CPU.ActiveCfg = Release|Any CPU
		{F4CA53E9-91C7-4A32-A647-F0FA2475C69F}.Release|Any CPU.Build.0 = Release|Any CPU
	EndGlobalSection
	GlobalSection(SolutionProperties) = preSolution
		HideSolutionNode = FALSE
	EndGlobalSection
	GlobalSection(ExtensibilityGlobals) = postSolution
		SolutionGuid = {B8990D7C-8DBD-40A8-9741-1001478DC992}
	EndGlobalSection
EndGlobal
