
Microsoft Visual Studio Solution File, Format Version 12.00
# Visual Studio Version 17
VisualStudioVersion = 17.5.002.0
MinimumVisualStudioVersion = 10.0.40219.1
Project("{9A19103F-16F7-4668-BE54-9A1E7A4F7556}") = "SynoAI.API", "SynoAI.API\SynoAI.API.csproj", "{48B1957E-85DD-4FFC-BEC5-F2A44EEF50B6}"
EndProject
Global
	GlobalSection(SolutionConfigurationPlatforms) = preSolution
		Debug|Any CPU = Debug|Any CPU
		Release|Any CPU = Release|Any CPU
	EndGlobalSection
	GlobalSection(ProjectConfigurationPlatforms) = postSolution
		{48B1957E-85DD-4FFC-BEC5-F2A44EEF50B6}.Debug|Any CPU.ActiveCfg = Debug|Any CPU
		{48B1957E-85DD-4FFC-BEC5-F2A44EEF50B6}.Debug|Any CPU.Build.0 = Debug|Any CPU
		{48B1957E-85DD-4FFC-BEC5-F2A44EEF50B6}.Release|Any CPU.ActiveCfg = Release|Any CPU
		{48B1957E-85DD-4FFC-BEC5-F2A44EEF50B6}.Release|Any CPU.Build.0 = Release|Any CPU
	EndGlobalSection
	GlobalSection(SolutionProperties) = preSolution
		HideSolutionNode = FALSE
	EndGlobalSection
	GlobalSection(ExtensibilityGlobals) = postSolution
		SolutionGuid = {B8990D7C-8DBD-40A8-9741-1001478DC992}
	EndGlobalSection
EndGlobal
